
Microsoft Visual Studio Solution File, Format Version 12.00
# Visual Studio Version 16
VisualStudioVersion = 16.0.31424.327
MinimumVisualStudioVersion = 10.0.40219.1
Project("{9A19103F-16F7-4668-BE54-9A1E7A4F7556}") = "Contracts", "Contracts\Contracts.csproj", "{3232A4BE-A61B-4609-9377-91124BC82187}"
EndProject
Project("{9A19103F-16F7-4668-BE54-9A1E7A4F7556}") = "Services", "Services\Services.csproj", "{6FE338AC-8047-4483-9843-2DD8BA100693}"
	ProjectSection(ProjectDependencies) = postProject
		{2ABC6501-27A9-425F-8A69-62BA5DE0D399} = {2ABC6501-27A9-425F-8A69-62BA5DE0D399}
		{3232A4BE-A61B-4609-9377-91124BC82187} = {3232A4BE-A61B-4609-9377-91124BC82187}
	EndProjectSection
EndProject
Project("{9A19103F-16F7-4668-BE54-9A1E7A4F7556}") = "DAL", "Repository\DAL.csproj", "{2ABC6501-27A9-425F-8A69-62BA5DE0D399}"
EndProject
Project("{9A19103F-16F7-4668-BE54-9A1E7A4F7556}") = "client", "client\client.csproj", "{56785993-EC16-4298-AEB2-013280355FCE}"
EndProject
Global
	GlobalSection(SolutionConfigurationPlatforms) = preSolution
		Debug|Any CPU = Debug|Any CPU
		Release|Any CPU = Release|Any CPU
	EndGlobalSection
	GlobalSection(ProjectConfigurationPlatforms) = postSolution
		{3232A4BE-A61B-4609-9377-91124BC82187}.Debug|Any CPU.ActiveCfg = Debug|Any CPU
		{3232A4BE-A61B-4609-9377-91124BC82187}.Debug|Any CPU.Build.0 = Debug|Any CPU
		{3232A4BE-A61B-4609-9377-91124BC82187}.Release|Any CPU.ActiveCfg = Release|Any CPU
		{3232A4BE-A61B-4609-9377-91124BC82187}.Release|Any CPU.Build.0 = Release|Any CPU
		{6FE338AC-8047-4483-9843-2DD8BA100693}.Debug|Any CPU.ActiveCfg = Debug|Any CPU
		{6FE338AC-8047-4483-9843-2DD8BA100693}.Debug|Any CPU.Build.0 = Debug|Any CPU
		{6FE338AC-8047-4483-9843-2DD8BA100693}.Release|Any CPU.ActiveCfg = Release|Any CPU
		{6FE338AC-8047-4483-9843-2DD8BA100693}.Release|Any CPU.Build.0 = Release|Any CPU
		{2ABC6501-27A9-425F-8A69-62BA5DE0D399}.Debug|Any CPU.ActiveCfg = Debug|Any CPU
		{2ABC6501-27A9-425F-8A69-62BA5DE0D399}.Debug|Any CPU.Build.0 = Debug|Any CPU
		{2ABC6501-27A9-425F-8A69-62BA5DE0D399}.Release|Any CPU.ActiveCfg = Release|Any CPU
		{2ABC6501-27A9-425F-8A69-62BA5DE0D399}.Release|Any CPU.Build.0 = Release|Any CPU
		{56785993-EC16-4298-AEB2-013280355FCE}.Debug|Any CPU.ActiveCfg = Debug|Any CPU
		{56785993-EC16-4298-AEB2-013280355FCE}.Debug|Any CPU.Build.0 = Debug|Any CPU
		{56785993-EC16-4298-AEB2-013280355FCE}.Release|Any CPU.ActiveCfg = Release|Any CPU
		{56785993-EC16-4298-AEB2-013280355FCE}.Release|Any CPU.Build.0 = Release|Any CPU
	EndGlobalSection
	GlobalSection(SolutionProperties) = preSolution
		HideSolutionNode = FALSE
	EndGlobalSection
	GlobalSection(ExtensibilityGlobals) = postSolution
		SolutionGuid = {B5FB081E-C89F-4E32-BE59-C68827D232C2}
	EndGlobalSection
EndGlobal
